{
  "version": "5",
  "redirects": {
    "https://esm.sh/@supabase/supabase-js@2": "https://esm.sh/@supabase/supabase-js@2.110.8"
  },
  "remote": {
    "https://esm.sh/@supabase/supabase-js@2.110.8": "3fe5b529aba9ea7d19e980feb977d4da1f9300cb5378942b32f1522c21649623"
  },
  "workspace": {
    "packageJson": {
      "dependencies": [
        "npm:@eslint/js@^10.0.1",
        "npm:@supabase/supabase-js@^2.106.2",
        "npm:@tanstack/react-query@^5.100.14",
        "npm:@tanstack/react-router@^1.170.10",
        "npm:@testing-library/dom@^10.4.1",
        "npm:@testing-library/jest-dom@^6.9.1",
        "npm:@testing-library/react@^16.3.1",
        "npm:@types/node@^24.12.4",
        "npm:@types/react-dom@^19.2.3",
        "npm:@types/react@^19.2.14",
        "npm:@vidstack/react@^1.15.2",
        "npm:@vitejs/plugin-react@^4.7.0",
        "npm:autoprefixer@^10.5.0",
        "npm:eslint-plugin-react-hooks@^7.1.1",
        "npm:eslint-plugin-react-refresh@~0.5.2",
        "npm:eslint@^10.3.0",
        "npm:globals@^17.6.0",
        "npm:hls.js@^1.6.16",
        "npm:jsdom@^27.2.0",
        "npm:lucide-react@^1.17.0",
        "npm:postcss@^8.5.15",
        "npm:react-dom@^19.2.6",
        "npm:react@^19.2.6",
        "npm:tailwindcss@^3.4.19",
        "npm:typescript-eslint@^8.59.2",
        "npm:typescript@~6.0.2",
        "npm:vite@^6.4.3",
        "npm:vitest@^4.0.14",
        "npm:web-demuxer@4"
      ]
    }
  }
}
